<Solution>
  <Folder Name="/src/">
    <Project Path="src/FinnhubSdk/FinnhubSdk.csproj" />
  </Folder>
  <Folder Name="/tests/">
    <Project Path="tests/FinnhubSdk.Tests.Integration/FinnhubSdk.Tests.Integration.csproj" />
    <Project Path="tests/FinnhubSdk.Tests.Unit/FinnhubSdk.Tests.Unit.csproj" />
  </Folder>
</Solution>
