<Solution>
  <Folder Name="/src/">
    <Project Path="src/FinnhubSdk/FinnhubSdk.csproj" />
  </Folder>
  <Folder Name="/tests/">
    <Project Path="tests/FinnhubSdk.Tests.Unit/FinnhubSdk.Tests.Unit.csproj" />
  </Folder>
  <Folder Name="/samples/">
    <Project Path="samples/FinnhubSdk.Samples.Rest/FinnhubSdk.Samples.Rest.csproj" />
    <Project Path="samples/FinnhubSdk.Samples.WebSocket/FinnhubSdk.Samples.WebSocket.csproj" />
  </Folder>
</Solution>
